
Microsoft Visual Studio Solution File, Format Version 12.00
# Visual Studio 14
VisualStudioVersion = 14.0.25420.1
MinimumVisualStudioVersion = 10.0.40219.1
Project("{8BC9CEB8-8B4A-11D0-8D11-00A0C91BC942}") = "VSTG", "VSTG\VSTG.vcxproj", "{C7A8D550-3C9D-452C-A0FA-1468E2ED62D9}"
	ProjectSection(ProjectDependencies) = postProject
		{7005C103-10B2-42CF-B5DB-1693F6C9A283} = {7005C103-10B2-42CF-B5DB-1693F6C9A283}
		{5D94880B-C99D-887C-5219-9F7CBE21947C} = {5D94880B-C99D-887C-5219-9F7CBE21947C}
	EndProjectSection
EndProject
Project("{8BC9CEB8-8B4A-11D0-8D11-00A0C91BC942}") = "nfd", "..\..\nativefiledialog\build\vs2010\nfd.vcxproj", "{5D94880B-C99D-887C-5219-9F7CBE21947C}"
EndProject
Project("{8BC9CEB8-8B4A-11D0-8D11-00A0C91BC942}") = "DllSceneStartMenu", "DllSceneStartMenu\DllSceneStartMenu.vcxproj", "{7005C103-10B2-42CF-B5DB-1693F6C9A283}"
	ProjectSection(ProjectDependencies) = postProject
		{9768A3A7-F213-44B0-AEA8-DFE2BA1F1A2F} = {9768A3A7-F213-44B0-AEA8-DFE2BA1F1A2F}
	EndProjectSection
EndProject
Project("{8BC9CEB8-8B4A-11D0-8D11-00A0C91BC942}") = "LibSceneBase", "LibSceneBase\LibSceneBase.vcxproj", "{9768A3A7-F213-44B0-AEA8-DFE2BA1F1A2F}"
EndProject
Project("{8BC9CEB8-8B4A-11D0-8D11-00A0C91BC942}") = "CommonResourcesMethods", "CommonResourcesMethods\CommonResourcesMethods.vcxproj", "{9957C4DC-CD82-4F34-96DC-30164EF259DD}"
EndProject
Global
	GlobalSection(SolutionConfigurationPlatforms) = preSolution
		Debug|x64 = Debug|x64
		Debug|x86 = Debug|x86
		Release|x64 = Release|x64
		Release|x86 = Release|x86
	EndGlobalSection
	GlobalSection(ProjectConfigurationPlatforms) = postSolution
		{C7A8D550-3C9D-452C-A0FA-1468E2ED62D9}.Debug|x64.ActiveCfg = Debug|x64
		{C7A8D550-3C9D-452C-A0FA-1468E2ED62D9}.Debug|x64.Build.0 = Debug|x64
		{C7A8D550-3C9D-452C-A0FA-1468E2ED62D9}.Debug|x86.ActiveCfg = Debug|Win32
		{C7A8D550-3C9D-452C-A0FA-1468E2ED62D9}.Debug|x86.Build.0 = Debug|Win32
		{C7A8D550-3C9D-452C-A0FA-1468E2ED62D9}.Release|x64.ActiveCfg = Release|x64
		{C7A8D550-3C9D-452C-A0FA-1468E2ED62D9}.Release|x64.Build.0 = Release|x64
		{C7A8D550-3C9D-452C-A0FA-1468E2ED62D9}.Release|x86.ActiveCfg = Release|Win32
		{C7A8D550-3C9D-452C-A0FA-1468E2ED62D9}.Release|x86.Build.0 = Release|Win32
		{5D94880B-C99D-887C-5219-9F7CBE21947C}.Debug|x64.ActiveCfg = Debug|x64
		{5D94880B-C99D-887C-5219-9F7CBE21947C}.Debug|x64.Build.0 = Debug|x64
		{5D94880B-C99D-887C-5219-9F7CBE21947C}.Debug|x86.ActiveCfg = Debug|Win32
		{5D94880B-C99D-887C-5219-9F7CBE21947C}.Debug|x86.Build.0 = Debug|Win32
		{5D94880B-C99D-887C-5219-9F7CBE21947C}.Release|x64.ActiveCfg = Release|x64
		{5D94880B-C99D-887C-5219-9F7CBE21947C}.Release|x64.Build.0 = Release|x64
		{5D94880B-C99D-887C-5219-9F7CBE21947C}.Release|x86.ActiveCfg = Release|Win32
		{5D94880B-C99D-887C-5219-9F7CBE21947C}.Release|x86.Build.0 = Release|Win32
		{7005C103-10B2-42CF-B5DB-1693F6C9A283}.Debug|x64.ActiveCfg = Debug|x64
		{7005C103-10B2-42CF-B5DB-1693F6C9A283}.Debug|x64.Build.0 = Debug|x64
		{7005C103-10B2-42CF-B5DB-1693F6C9A283}.Debug|x86.ActiveCfg = Debug|Win32
		{7005C103-10B2-42CF-B5DB-1693F6C9A283}.Debug|x86.Build.0 = Debug|Win32
		{7005C103-10B2-42CF-B5DB-1693F6C9A283}.Release|x64.ActiveCfg = Release|x64
		{7005C103-10B2-42CF-B5DB-1693F6C9A283}.Release|x64.Build.0 = Release|x64
		{7005C103-10B2-42CF-B5DB-1693F6C9A283}.Release|x86.ActiveCfg = Release|Win32
		{7005C103-10B2-42CF-B5DB-1693F6C9A283}.Release|x86.Build.0 = Release|Win32
		{9768A3A7-F213-44B0-AEA8-DFE2BA1F1A2F}.Debug|x64.ActiveCfg = Debug|x64
		{9768A3A7-F213-44B0-AEA8-DFE2BA1F1A2F}.Debug|x64.Build.0 = Debug|x64
		{9768A3A7-F213-44B0-AEA8-DFE2BA1F1A2F}.Debug|x86.ActiveCfg = Debug|Win32
		{9768A3A7-F213-44B0-AEA8-DFE2BA1F1A2F}.Debug|x86.Build.0 = Debug|Win32
		{9768A3A7-F213-44B0-AEA8-DFE2BA1F1A2F}.Release|x64.ActiveCfg = Release|x64
		{9768A3A7-F213-44B0-AEA8-DFE2BA1F1A2F}.Release|x64.Build.0 = Release|x64
		{9768A3A7-F213-44B0-AEA8-DFE2BA1F1A2F}.Release|x86.ActiveCfg = Release|Win32
		{9768A3A7-F213-44B0-AEA8-DFE2BA1F1A2F}.Release|x86.Build.0 = Release|Win32
		{9957C4DC-CD82-4F34-96DC-30164EF259DD}.Debug|x64.ActiveCfg = Debug|x64
		{9957C4DC-CD82-4F34-96DC-30164EF259DD}.Debug|x64.Build.0 = Debug|x64
		{9957C4DC-CD82-4F34-96DC-30164EF259DD}.Debug|x86.ActiveCfg = Debug|Win32
		{9957C4DC-CD82-4F34-96DC-30164EF259DD}.Debug|x86.Build.0 = Debug|Win32
		{9957C4DC-CD82-4F34-96DC-30164EF259DD}.Release|x64.ActiveCfg = Release|x64
		{9957C4DC-CD82-4F34-96DC-30164EF259DD}.Release|x64.Build.0 = Release|x64
		{9957C4DC-CD82-4F34-96DC-30164EF259DD}.Release|x86.ActiveCfg = Release|Win32
		{9957C4DC-CD82-4F34-96DC-30164EF259DD}.Release|x86.Build.0 = Release|Win32
	EndGlobalSection
	GlobalSection(SolutionProperties) = preSolution
		HideSolutionNode = FALSE
	EndGlobalSection
EndGlobal
